
Microsoft Visual Studio Solution File, Format Version 12.00
# Visual Studio Version 17
VisualStudioVersion = 17.4.33213.308
MinimumVisualStudioVersion = 10.0.40219.1
Project("{2150E333-8FDC-42A3-9474-1A3956D46DE8}") = "Solution Items", "Solution Items", "{ECD8325A-48F0-4A29-9BE9-C7C0E7B82451}"
	ProjectSection(SolutionItems) = preProject
		README.md = README.md
	EndProjectSection
EndProject
Project("{FAE04EC0-301F-11D3-BF4B-00C04F79EFBC}") = "MyCli", "MyCli\MyCli.csproj", "{4135CBC3-72A1-494A-9FDD-51CC608197EC}"
EndProject
Global
	GlobalSection(SolutionConfigurationPlatforms) = preSolution
		Debug|Any CPU = Debug|Any CPU
		Release|Any CPU = Release|Any CPU
	EndGlobalSection
	GlobalSection(ProjectConfigurationPlatforms) = postSolution
		{4135CBC3-72A1-494A-9FDD-51CC608197EC}.Debug|Any CPU.ActiveCfg = Debug|Any CPU
		{4135CBC3-72A1-494A-9FDD-51CC608197EC}.Debug|Any CPU.Build.0 = Debug|Any CPU
		{4135CBC3-72A1-494A-9FDD-51CC608197EC}.Release|Any CPU.ActiveCfg = Release|Any CPU
		{4135CBC3-72A1-494A-9FDD-51CC608197EC}.Release|Any CPU.Build.0 = Release|Any CPU
	EndGlobalSection
	GlobalSection(SolutionProperties) = preSolution
		HideSolutionNode = FALSE
	EndGlobalSection
	GlobalSection(ExtensibilityGlobals) = postSolution
		SolutionGuid = {265CFA2E-A29E-4507-B5F9-5226882D8C04}
	EndGlobalSection
EndGlobal
