
Microsoft Visual Studio Solution File, Format Version 12.00
# Visual Studio Version 17
VisualStudioVersion = 17.4.33213.308
MinimumVisualStudioVersion = 10.0.40219.1
Project("{2150E333-8FDC-42A3-9474-1A3956D46DE8}") = "Solution Items", "Solution Items", "{D3F4B07D-395E-4349-88F9-7E9232EB4A32}"
	ProjectSection(SolutionItems) = preProject
		..\.gitignore = ..\.gitignore
		..\LICENSE = ..\LICENSE
		..\README.md = ..\README.md
	EndProjectSection
EndProject
Project("{FAE04EC0-301F-11D3-BF4B-00C04F79EFBC}") = "ConsoleApp", "dependency-injection-with-ioptions-in-console-apps\ConsoleApp\ConsoleApp.csproj", "{B6EE96EC-FBAB-4336-AEB5-4794A6FDB4DF}"
EndProject
Project("{2150E333-8FDC-42A3-9474-1A3956D46DE8}") = "dependency-injection-with-ioptions-in-console-apps", "dependency-injection-with-ioptions-in-console-apps", "{A4E34F9E-31B1-4749-9F1E-3F0E3EEA4790}"
	ProjectSection(SolutionItems) = preProject
		dependency-injection-with-ioptions-in-console-apps\ConsoleApp.sln = dependency-injection-with-ioptions-in-console-apps\ConsoleApp.sln
		dependency-injection-with-ioptions-in-console-apps\README.md = dependency-injection-with-ioptions-in-console-apps\README.md
	EndProjectSection
EndProject
Project("{2150E333-8FDC-42A3-9474-1A3956D46DE8}") = "_meta", "_meta", "{0E816DC2-0BCE-4485-80D6-173EF9F7D1FF}"
	ProjectSection(SolutionItems) = preProject
		.gitignore = .gitignore
		LICENSE = LICENSE
		README.md = README.md
	EndProjectSection
EndProject
Global
	GlobalSection(SolutionConfigurationPlatforms) = preSolution
		Debug|Any CPU = Debug|Any CPU
		Release|Any CPU = Release|Any CPU
	EndGlobalSection
	GlobalSection(ProjectConfigurationPlatforms) = postSolution
		{B6EE96EC-FBAB-4336-AEB5-4794A6FDB4DF}.Debug|Any CPU.ActiveCfg = Debug|Any CPU
		{B6EE96EC-FBAB-4336-AEB5-4794A6FDB4DF}.Debug|Any CPU.Build.0 = Debug|Any CPU
		{B6EE96EC-FBAB-4336-AEB5-4794A6FDB4DF}.Release|Any CPU.ActiveCfg = Release|Any CPU
		{B6EE96EC-FBAB-4336-AEB5-4794A6FDB4DF}.Release|Any CPU.Build.0 = Release|Any CPU
	EndGlobalSection
	GlobalSection(SolutionProperties) = preSolution
		HideSolutionNode = FALSE
	EndGlobalSection
	GlobalSection(NestedProjects) = preSolution
		{B6EE96EC-FBAB-4336-AEB5-4794A6FDB4DF} = {A4E34F9E-31B1-4749-9F1E-3F0E3EEA4790}
	EndGlobalSection
	GlobalSection(ExtensibilityGlobals) = postSolution
		SolutionGuid = {8FE17B5E-340D-4FBA-8516-94794B1338C0}
	EndGlobalSection
EndGlobal
