
Microsoft Visual Studio Solution File, Format Version 12.00
# Visual Studio Version 17
VisualStudioVersion = 17.4.33213.308
MinimumVisualStudioVersion = 10.0.40219.1
Project("{2150E333-8FDC-42A3-9474-1A3956D46DE8}") = "1.dependency-injection-with-ioptions-in-console-apps", "1.dependency-injection-with-ioptions-in-console-apps", "{A4E34F9E-31B1-4749-9F1E-3F0E3EEA4790}"
	ProjectSection(SolutionItems) = preProject
		1.dependency-injection-with-ioptions-in-console-apps\Ktt.ConsoleAppDependencyInjection.sln = 1.dependency-injection-with-ioptions-in-console-apps\Ktt.ConsoleAppDependencyInjection.sln
		1.dependency-injection-with-ioptions-in-console-apps\README.md = 1.dependency-injection-with-ioptions-in-console-apps\README.md
	EndProjectSection
EndProject
Project("{2150E333-8FDC-42A3-9474-1A3956D46DE8}") = "_meta", "_meta", "{0E816DC2-0BCE-4485-80D6-173EF9F7D1FF}"
	ProjectSection(SolutionItems) = preProject
		.gitignore = .gitignore
		LICENSE = LICENSE
		README.md = README.md
	EndProjectSection
EndProject
Project("{2150E333-8FDC-42A3-9474-1A3956D46DE8}") = "2.simple-jwt-access-policies-for-api-security-in-net", "2.simple-jwt-access-policies-for-api-security-in-net", "{41BECB35-D39D-4C27-800E-E637A84FA5D8}"
	ProjectSection(SolutionItems) = preProject
		2.simple-jwt-access-policies-for-api-security-in-net\generate_keys.sh = 2.simple-jwt-access-policies-for-api-security-in-net\generate_keys.sh
		2.simple-jwt-access-policies-for-api-security-in-net\Ktt.JwtSecuredApi.sln = 2.simple-jwt-access-policies-for-api-security-in-net\Ktt.JwtSecuredApi.sln
		2.simple-jwt-access-policies-for-api-security-in-net\README.md = 2.simple-jwt-access-policies-for-api-security-in-net\README.md
	EndProjectSection
EndProject
Project("{9A19103F-16F7-4668-BE54-9A1E7A4F7556}") = "Ktt.ConsoleAppDependencyInjection", "1.dependency-injection-with-ioptions-in-console-apps\ConsoleApp\Ktt.ConsoleAppDependencyInjection.csproj", "{BF3A632C-45F6-473E-AD54-1E987F171EFD}"
EndProject
Project("{2150E333-8FDC-42A3-9474-1A3956D46DE8}") = "3.option-injection", "3.option-injection", "{60A625F9-1565-471D-B0FD-A7956735DF85}"
	ProjectSection(SolutionItems) = preProject
		3.option-injection\Ktt.OptionsApi.sln = 3.option-injection\Ktt.OptionsApi.sln
		3.option-injection\README.md = 3.option-injection\README.md
	EndProjectSection
EndProject
Project("{9A19103F-16F7-4668-BE54-9A1E7A4F7556}") = "OptionsApi", "3.option-injection\OptionsApi\OptionsApi.csproj", "{30D7B4C4-4C9C-4D51-B421-398A35DD3197}"
EndProject
Project("{2150E333-8FDC-42A3-9474-1A3956D46DE8}") = "4.command-line-di-poc", "4.command-line-di-poc", "{6ED4C763-D516-4509-89E5-5D2F0DC2D3CC}"
	ProjectSection(SolutionItems) = preProject
		4.command-line-di-poc\Ktt.MyCli.sln = 4.command-line-di-poc\Ktt.MyCli.sln
		4.command-line-di-poc\README.md = 4.command-line-di-poc\README.md
	EndProjectSection
EndProject
Project("{9A19103F-16F7-4668-BE54-9A1E7A4F7556}") = "MyCli", "4.command-line-di-poc\MyCli\MyCli.csproj", "{24ACA421-F404-4E48-AD8C-EF9A7B7A9CEE}"
EndProject
Project("{2150E333-8FDC-42A3-9474-1A3956D46DE8}") = "5.roman-numerals", "5.roman-numerals", "{B81F0520-D208-486C-B538-9F18D5BBF540}"
	ProjectSection(SolutionItems) = preProject
		5.roman-numerals\Ktt.RomanNumerals.sln = 5.roman-numerals\Ktt.RomanNumerals.sln
		5.roman-numerals\README.md = 5.roman-numerals\README.md
	EndProjectSection
EndProject
Project("{9A19103F-16F7-4668-BE54-9A1E7A4F7556}") = "KeesTalksTech.Utilities.Roman.Numerals.Test", "5.roman-numerals\KeesTalksTech.Utilities.Roman.Numerals.Test\KeesTalksTech.Utilities.Roman.Numerals.Test.csproj", "{D80E9C6C-90E4-4668-B0DE-4727349834C8}"
EndProject
Project("{9A19103F-16F7-4668-BE54-9A1E7A4F7556}") = "KeesTalksTech.Utilities.Roman.Numerals", "5.roman-numerals\KeesTalksTech.Utilities.Roman.Numerals\KeesTalksTech.Utilities.Roman.Numerals.csproj", "{802D888C-7676-4B73-A4C6-6FD4AE5F0D26}"
EndProject
Project("{2150E333-8FDC-42A3-9474-1A3956D46DE8}") = "6.handlebars", "6.handlebars", "{955F43E9-BB27-4FE0-9E46-10AEF31FCD38}"
	ProjectSection(SolutionItems) = preProject
		6.handlebars\Ktt.JsonHandlebars.sln = 6.handlebars\Ktt.JsonHandlebars.sln
		6.handlebars\README.md = 6.handlebars\README.md
	EndProjectSection
EndProject
Project("{9A19103F-16F7-4668-BE54-9A1E7A4F7556}") = "Ktt.JsonHandlebars", "6.handlebars\Ktt.JsonHandlebars\Ktt.JsonHandlebars.csproj", "{80CFEF3B-6901-44B8-8418-2E74BD104823}"
EndProject
Project("{9A19103F-16F7-4668-BE54-9A1E7A4F7556}") = "Ktt.JsonHandlebars.Test", "6.handlebars\Ktt.JsonHandlebars.Test\Ktt.JsonHandlebars.Test.csproj", "{8F88EB3C-FC9D-4123-9F78-67E77C8FE28E}"
EndProject
Global
	GlobalSection(SolutionConfigurationPlatforms) = preSolution
		Debug|Any CPU = Debug|Any CPU
		Release|Any CPU = Release|Any CPU
	EndGlobalSection
	GlobalSection(ProjectConfigurationPlatforms) = postSolution
		{BF3A632C-45F6-473E-AD54-1E987F171EFD}.Debug|Any CPU.ActiveCfg = Debug|Any CPU
		{BF3A632C-45F6-473E-AD54-1E987F171EFD}.Debug|Any CPU.Build.0 = Debug|Any CPU
		{BF3A632C-45F6-473E-AD54-1E987F171EFD}.Release|Any CPU.ActiveCfg = Release|Any CPU
		{BF3A632C-45F6-473E-AD54-1E987F171EFD}.Release|Any CPU.Build.0 = Release|Any CPU
		{30D7B4C4-4C9C-4D51-B421-398A35DD3197}.Debug|Any CPU.ActiveCfg = Debug|Any CPU
		{30D7B4C4-4C9C-4D51-B421-398A35DD3197}.Debug|Any CPU.Build.0 = Debug|Any CPU
		{30D7B4C4-4C9C-4D51-B421-398A35DD3197}.Release|Any CPU.ActiveCfg = Release|Any CPU
		{30D7B4C4-4C9C-4D51-B421-398A35DD3197}.Release|Any CPU.Build.0 = Release|Any CPU
		{24ACA421-F404-4E48-AD8C-EF9A7B7A9CEE}.Debug|Any CPU.ActiveCfg = Debug|Any CPU
		{24ACA421-F404-4E48-AD8C-EF9A7B7A9CEE}.Debug|Any CPU.Build.0 = Debug|Any CPU
		{24ACA421-F404-4E48-AD8C-EF9A7B7A9CEE}.Release|Any CPU.ActiveCfg = Release|Any CPU
		{24ACA421-F404-4E48-AD8C-EF9A7B7A9CEE}.Release|Any CPU.Build.0 = Release|Any CPU
		{D80E9C6C-90E4-4668-B0DE-4727349834C8}.Debug|Any CPU.ActiveCfg = Debug|Any CPU
		{D80E9C6C-90E4-4668-B0DE-4727349834C8}.Debug|Any CPU.Build.0 = Debug|Any CPU
		{D80E9C6C-90E4-4668-B0DE-4727349834C8}.Release|Any CPU.ActiveCfg = Release|Any CPU
		{D80E9C6C-90E4-4668-B0DE-4727349834C8}.Release|Any CPU.Build.0 = Release|Any CPU
		{802D888C-7676-4B73-A4C6-6FD4AE5F0D26}.Debug|Any CPU.ActiveCfg = Debug|Any CPU
		{802D888C-7676-4B73-A4C6-6FD4AE5F0D26}.Debug|Any CPU.Build.0 = Debug|Any CPU
		{802D888C-7676-4B73-A4C6-6FD4AE5F0D26}.Release|Any CPU.ActiveCfg = Release|Any CPU
		{802D888C-7676-4B73-A4C6-6FD4AE5F0D26}.Release|Any CPU.Build.0 = Release|Any CPU
		{80CFEF3B-6901-44B8-8418-2E74BD104823}.Debug|Any CPU.ActiveCfg = Debug|Any CPU
		{80CFEF3B-6901-44B8-8418-2E74BD104823}.Debug|Any CPU.Build.0 = Debug|Any CPU
		{80CFEF3B-6901-44B8-8418-2E74BD104823}.Release|Any CPU.ActiveCfg = Release|Any CPU
		{80CFEF3B-6901-44B8-8418-2E74BD104823}.Release|Any CPU.Build.0 = Release|Any CPU
		{8F88EB3C-FC9D-4123-9F78-67E77C8FE28E}.Debug|Any CPU.ActiveCfg = Debug|Any CPU
		{8F88EB3C-FC9D-4123-9F78-67E77C8FE28E}.Debug|Any CPU.Build.0 = Debug|Any CPU
		{8F88EB3C-FC9D-4123-9F78-67E77C8FE28E}.Release|Any CPU.ActiveCfg = Release|Any CPU
		{8F88EB3C-FC9D-4123-9F78-67E77C8FE28E}.Release|Any CPU.Build.0 = Release|Any CPU
	EndGlobalSection
	GlobalSection(SolutionProperties) = preSolution
		HideSolutionNode = FALSE
	EndGlobalSection
	GlobalSection(NestedProjects) = preSolution
		{BF3A632C-45F6-473E-AD54-1E987F171EFD} = {A4E34F9E-31B1-4749-9F1E-3F0E3EEA4790}
		{30D7B4C4-4C9C-4D51-B421-398A35DD3197} = {60A625F9-1565-471D-B0FD-A7956735DF85}
		{24ACA421-F404-4E48-AD8C-EF9A7B7A9CEE} = {6ED4C763-D516-4509-89E5-5D2F0DC2D3CC}
		{D80E9C6C-90E4-4668-B0DE-4727349834C8} = {B81F0520-D208-486C-B538-9F18D5BBF540}
		{802D888C-7676-4B73-A4C6-6FD4AE5F0D26} = {B81F0520-D208-486C-B538-9F18D5BBF540}
		{80CFEF3B-6901-44B8-8418-2E74BD104823} = {955F43E9-BB27-4FE0-9E46-10AEF31FCD38}
		{8F88EB3C-FC9D-4123-9F78-67E77C8FE28E} = {955F43E9-BB27-4FE0-9E46-10AEF31FCD38}
	EndGlobalSection
	GlobalSection(ExtensibilityGlobals) = postSolution
		SolutionGuid = {8FE17B5E-340D-4FBA-8516-94794B1338C0}
	EndGlobalSection
EndGlobal
