
Microsoft Visual Studio Solution File, Format Version 12.00
# Visual Studio Version 17
VisualStudioVersion = 17.12.35506.116 d17.12
MinimumVisualStudioVersion = 10.0.40219.1
Project("{FAE04EC0-301F-11D3-BF4B-00C04F79EFBC}") = "KeesTalksTech.Utilities.Roman.Numerals", "KeesTalksTech.Utilities.Roman.Numerals\KeesTalksTech.Utilities.Roman.Numerals.csproj", "{AB9BB639-3693-4CD4-8E39-DF6FD1A1A0D2}"
EndProject
Project("{FAE04EC0-301F-11D3-BF4B-00C04F79EFBC}") = "KeesTalksTech.Utilities.Roman.Numerals.Test", "KeesTalksTech.Utilities.Roman.Numerals.Test\KeesTalksTech.Utilities.Roman.Numerals.Test.csproj", "{04C8C2D5-8CE5-4A24-8EEB-88ACBA38BE94}"
EndProject
Project("{2150E333-8FDC-42A3-9474-1A3956D46DE8}") = "Solution Items", "Solution Items", "{82E1129D-ABAF-41B8-A423-1D677A423808}"
	ProjectSection(SolutionItems) = preProject
		README.md = README.md
	EndProjectSection
EndProject
Global
	GlobalSection(SolutionConfigurationPlatforms) = preSolution
		Debug|Any CPU = Debug|Any CPU
		Release|Any CPU = Release|Any CPU
	EndGlobalSection
	GlobalSection(ProjectConfigurationPlatforms) = postSolution
		{AB9BB639-3693-4CD4-8E39-DF6FD1A1A0D2}.Debug|Any CPU.ActiveCfg = Debug|Any CPU
		{AB9BB639-3693-4CD4-8E39-DF6FD1A1A0D2}.Debug|Any CPU.Build.0 = Debug|Any CPU
		{AB9BB639-3693-4CD4-8E39-DF6FD1A1A0D2}.Release|Any CPU.ActiveCfg = Release|Any CPU
		{AB9BB639-3693-4CD4-8E39-DF6FD1A1A0D2}.Release|Any CPU.Build.0 = Release|Any CPU
		{04C8C2D5-8CE5-4A24-8EEB-88ACBA38BE94}.Debug|Any CPU.ActiveCfg = Debug|Any CPU
		{04C8C2D5-8CE5-4A24-8EEB-88ACBA38BE94}.Debug|Any CPU.Build.0 = Debug|Any CPU
		{04C8C2D5-8CE5-4A24-8EEB-88ACBA38BE94}.Release|Any CPU.ActiveCfg = Release|Any CPU
		{04C8C2D5-8CE5-4A24-8EEB-88ACBA38BE94}.Release|Any CPU.Build.0 = Release|Any CPU
	EndGlobalSection
	GlobalSection(SolutionProperties) = preSolution
		HideSolutionNode = FALSE
	EndGlobalSection
EndGlobal
